
Microsoft Visual Studio Solution File, Format Version 12.00
# Visual Studio Version 17
VisualStudioVersion = 17.12.35527.113 d17.12
MinimumVisualStudioVersion = 10.0.40219.1
Project("{FAE04EC0-301F-11D3-BF4B-00C04F79EFBC}") = "MvcNetCoreUtilidades", "MvcNetCoreUtilidades\MvcNetCoreUtilidades.csproj", "{B2D608BE-7E55-4CD8-B453-709ED9CF37BF}"
EndProject
Global
	GlobalSection(SolutionConfigurationPlatforms) = preSolution
		Debug|Any CPU = Debug|Any CPU
		Release|Any CPU = Release|Any CPU
	EndGlobalSection
	GlobalSection(ProjectConfigurationPlatforms) = postSolution
		{B2D608BE-7E55-4CD8-B453-709ED9CF37BF}.Debug|Any CPU.ActiveCfg = Debug|Any CPU
		{B2D608BE-7E55-4CD8-B453-709ED9CF37BF}.Debug|Any CPU.Build.0 = Debug|Any CPU
		{B2D608BE-7E55-4CD8-B453-709ED9CF37BF}.Release|Any CPU.ActiveCfg = Release|Any CPU
		{B2D608BE-7E55-4CD8-B453-709ED9CF37BF}.Release|Any CPU.Build.0 = Release|Any CPU
	EndGlobalSection
	GlobalSection(SolutionProperties) = preSolution
		HideSolutionNode = FALSE
	EndGlobalSection
EndGlobal
